
Microsoft Visual Studio Solution File, Format Version 12.00
# Visual Studio Version 17
VisualStudioVersion = 17.0.31903.59
MinimumVisualStudioVersion = 10.0.40219.1
Project("{9A19103F-16F7-4668-BE54-9A1E7A4F7556}") = "IODynamicObject.Domain", "IODynamicObject.Domain\IODynamicObject.Domain.csproj", "{05A4F956-179F-4A7A-9BC3-B7FED8F6735F}"
EndProject
Project("{9A19103F-16F7-4668-BE54-9A1E7A4F7556}") = "IODynamicObject.Application", "IODynamicObject.Application\IODynamicObject.Application.csproj", "{0B8DEAC5-A49C-4A48-9FDB-23EEE1BDA4C9}"
EndProject
Project("{9A19103F-16F7-4668-BE54-9A1E7A4F7556}") = "IODynamicObject.Infrastructure", "IODynamicObject.Infrastructure\IODynamicObject.Infrastructure.csproj", "{198C3093-7F38-44E4-83FD-84C72B646663}"
EndProject
Project("{9A19103F-16F7-4668-BE54-9A1E7A4F7556}") = "IODynamicObject.API", "IODynamicObject.API\IODynamicObject.API.csproj", "{16EE0DF1-57EA-4398-9AE0-032245099C00}"
EndProject
Project("{FAE04EC0-301F-11D3-BF4B-00C04F79EFBC}") = "IODynamicObject.Core", "IODynamicObject.Core\IODynamicObject.Core.csproj", "{6F758AB9-9436-43CB-9DD6-CE158723BD03}"
EndProject
Global
	GlobalSection(SolutionConfigurationPlatforms) = preSolution
		Debug|Any CPU = Debug|Any CPU
		Release|Any CPU = Release|Any CPU
	EndGlobalSection
	GlobalSection(ProjectConfigurationPlatforms) = postSolution
		{05A4F956-179F-4A7A-9BC3-B7FED8F6735F}.Debug|Any CPU.ActiveCfg = Debug|Any CPU
		{05A4F956-179F-4A7A-9BC3-B7FED8F6735F}.Debug|Any CPU.Build.0 = Debug|Any CPU
		{05A4F956-179F-4A7A-9BC3-B7FED8F6735F}.Release|Any CPU.ActiveCfg = Release|Any CPU
		{05A4F956-179F-4A7A-9BC3-B7FED8F6735F}.Release|Any CPU.Build.0 = Release|Any CPU
		{0B8DEAC5-A49C-4A48-9FDB-23EEE1BDA4C9}.Debug|Any CPU.ActiveCfg = Debug|Any CPU
		{0B8DEAC5-A49C-4A48-9FDB-23EEE1BDA4C9}.Debug|Any CPU.Build.0 = Debug|Any CPU
		{0B8DEAC5-A49C-4A48-9FDB-23EEE1BDA4C9}.Release|Any CPU.ActiveCfg = Release|Any CPU
		{0B8DEAC5-A49C-4A48-9FDB-23EEE1BDA4C9}.Release|Any CPU.Build.0 = Release|Any CPU
		{198C3093-7F38-44E4-83FD-84C72B646663}.Debug|Any CPU.ActiveCfg = Debug|Any CPU
		{198C3093-7F38-44E4-83FD-84C72B646663}.Debug|Any CPU.Build.0 = Debug|Any CPU
		{198C3093-7F38-44E4-83FD-84C72B646663}.Release|Any CPU.ActiveCfg = Release|Any CPU
		{198C3093-7F38-44E4-83FD-84C72B646663}.Release|Any CPU.Build.0 = Release|Any CPU
		{16EE0DF1-57EA-4398-9AE0-032245099C00}.Debug|Any CPU.ActiveCfg = Debug|Any CPU
		{16EE0DF1-57EA-4398-9AE0-032245099C00}.Debug|Any CPU.Build.0 = Debug|Any CPU
		{16EE0DF1-57EA-4398-9AE0-032245099C00}.Release|Any CPU.ActiveCfg = Release|Any CPU
		{16EE0DF1-57EA-4398-9AE0-032245099C00}.Release|Any CPU.Build.0 = Release|Any CPU
		{6F758AB9-9436-43CB-9DD6-CE158723BD03}.Debug|Any CPU.ActiveCfg = Debug|Any CPU
		{6F758AB9-9436-43CB-9DD6-CE158723BD03}.Debug|Any CPU.Build.0 = Debug|Any CPU
		{6F758AB9-9436-43CB-9DD6-CE158723BD03}.Release|Any CPU.ActiveCfg = Release|Any CPU
		{6F758AB9-9436-43CB-9DD6-CE158723BD03}.Release|Any CPU.Build.0 = Release|Any CPU
	EndGlobalSection
	GlobalSection(SolutionProperties) = preSolution
		HideSolutionNode = FALSE
	EndGlobalSection
	GlobalSection(ExtensibilityGlobals) = postSolution
		SolutionGuid = {9EB2DDBB-1D2D-43D3-BAC7-C22C3B5D2B46}
	EndGlobalSection
EndGlobal
